// !$*UTF8*$!
{
	archiveVersion = 1;
	classes = {
	};
	objectVersion = 46;
	objects = {

/* Begin PBXBuildFile section */
		79E4D01B1CBF89CF0067F66D /* main.m in Sources */ = {isa = PBXBuildFile; fileRef = 79E4D01A1CBF89CF0067F66D /* main.m */; };
		79E4D01E1CBF89CF0067F66D /* AppDelegate.m in Sources */ = {isa = PBXBuildFile; fileRef = 79E4D01D1CBF89CF0067F66D /* AppDelegate.m */; };
		79E4D0201CBF89CF0067F66D /* Assets.xcassets in Resources */ = {isa = PBXBuildFile; fileRef = 79E4D01F1CBF89CF0067F66D /* Assets.xcassets */; };
		79E4D0231CBF89CF0067F66D /* LaunchScreen.storyboard in Resources */ = {isa = PBXBuildFile; fileRef = 79E4D0211CBF89CF0067F66D /* LaunchScreen.storyboard */; };
		79E4D02E1CBF89CF0067F66D /* SwipeViewControllerTests.m in Sources */ = {isa = PBXBuildFile; fileRef = 79E4D02D1CBF89CF0067F66D /* SwipeViewControllerTests.m */; };
		79E4D0391CBF89CF0067F66D /* SwipeViewControllerUITests.m in Sources */ = {isa = PBXBuildFile; fileRef = 79E4D0381CBF89CF0067F66D /* SwipeViewControllerUITests.m */; };
/* End PBXBuildFile section */

/* Begin PBXContainerItemProxy section */
		79E4D02A1CBF89CF0067F66D /* PBXContainerItemProxy */ = {
			isa = PBXContainerItemProxy;
			containerPortal = 79E4D00E1CBF89CF0067F66D /* Project object */;
			proxyType = 1;
			remoteGlobalIDString = 79E4D0151CBF89CF0067F66D;
			remoteInfo = SwipeViewController;
		};
		79E4D0351CBF89CF0067F66D /* PBXContainerItemProxy */ = {
			isa = PBXContainerItemProxy;
			containerPortal = 79E4D00E1CBF89CF0067F66D /* Project object */;
			proxyType = 1;
			remoteGlobalIDString = 79E4D0151CBF89CF0067F66D;
			remoteInfo = SwipeViewController;
		};
/* End PBXContainerItemProxy section */

/* Begin PBXFileReference section */
		79E4D0161CBF89CF0067F66D /* SwipeViewController.app */ = {isa = PBXFileReference; explicitFileType = wrapper.application; includeInIndex = 0; path = SwipeViewController.app; sourceTree = BUILT_PRODUCTS_DIR; };
		79E4D01A1CBF89CF0067F66D /* main.m */ = {isa = PBXFileReference; lastKnownFileType = sourcecode.c.objc; path = main.m; sourceTree = "<group>"; };
		79E4D01C1CBF89CF0067F66D /* AppDelegate.h */ = {isa = PBXFileReference; lastKnownFileType = sourcecode.c.h; path = AppDelegate.h; sourceTree = "<group>"; };
		79E4D01D1CBF89CF0067F66D /* AppDelegate.m */ = {isa = PBXFileReference; lastKnownFileType = sourcecode.c.objc; path = AppDelegate.m; sourceTree = "<group>"; };
		79E4D01F1CBF89CF0067F66D /* Assets.xcassets */ = {isa = PBXFileReference; lastKnownFileType = folder.assetcatalog; path = Assets.xcassets; sourceTree = "<group>"; };
		79E4D0221CBF89CF0067F66D /* Base */ = {isa = PBXFileReference; lastKnownFileType = file.storyboard; name = Base; path = Base.lproj/LaunchScreen.storyboard; sourceTree = "<group>"; };
		79E4D0241CBF89CF0067F66D /* Info.plist */ = {isa = PBXFileReference; lastKnownFileType = text.plist.xml; path = Info.plist; sourceTree = "<group>"; };
		79E4D0291CBF89CF0067F66D /* SwipeViewControllerTests.xctest */ = {isa = PBXFileReference; explicitFileType = wrapper.cfbundle; includeInIndex = 0; path = SwipeViewControllerTests.xctest; sourceTree = BUILT_PRODUCTS_DIR; };
		79E4D02D1CBF89CF0067F66D /* SwipeViewControllerTests.m */ = {isa = PBXFileReference; lastKnownFileType = sourcecode.c.objc; path = SwipeViewControllerTests.m; sourceTree = "<group>"; };
		79E4D02F1CBF89CF0067F66D /* Info.plist */ = {isa = PBXFileReference; lastKnownFileType = text.plist.xml; path = Info.plist; sourceTree = "<group>"; };
		79E4D0341CBF89CF0067F66D /* SwipeViewControllerUITests.xctest */ = {isa = PBXFileReference; explicitFileType = wrapper.cfbundle; includeInIndex = 0; path = SwipeViewControllerUITests.xctest; sourceTree = BUILT_PRODUCTS_DIR; };
		79E4D0381CBF89CF0067F66D /* SwipeViewControllerUITests.m */ = {isa = PBXFileReference; lastKnownFileType = sourcecode.c.objc; path = SwipeViewControllerUITests.m; sourceTree = "<group>"; };
		79E4D03A1CBF89CF0067F66D /* Info.plist */ = {isa = PBXFileReference; lastKnownFileType = text.plist.xml; path = Info.plist; sourceTree = "<group>"; };
/* End PBXFileReference section */

/* Begin PBXFrameworksBuildPhase section */
		79E4D0131CBF89CF0067F66D /* Frameworks */ = {
			isa = PBXFrameworksBuildPhase;
			buildActionMask = 2147483647;
			files = (
			);
			runOnlyForDeploymentPostprocessing = 0;
		};
		79E4D0261CBF89CF0067F66D /* Frameworks */ = {
			isa = PBXFrameworksBuildPhase;
			buildActionMask = 2147483647;
			files = (
			);
			runOnlyForDeploymentPostprocessing = 0;
		};
		79E4D0311CBF89CF0067F66D /* Frameworks */ = {
			isa = PBXFrameworksBuildPhase;
			buildActionMask = 2147483647;
			files = (
			);
			runOnlyForDeploymentPostprocessing = 0;
		};
/* End PBXFrameworksBuildPhase section */

/* Begin PBXGroup section */
		79E4D00D1CBF89CF0067F66D = {
			isa = PBXGroup;
			children = (
				79E4D0181CBF89CF0067F66D /* SwipeViewController */,
				79E4D02C1CBF89CF0067F66D /* SwipeViewControllerTests */,
				79E4D0371CBF89CF0067F66D /* SwipeViewControllerUITests */,
				79E4D0171CBF89CF0067F66D /* Products */,
			);
			sourceTree = "<group>";
		};
		79E4D0171CBF89CF0067F66D /* Products */ = {
			isa = PBXGroup;
			children = (
				79E4D0161CBF89CF0067F66D /* SwipeViewController.app */,
				79E4D0291CBF89CF0067F66D /* SwipeViewControllerTests.xctest */,
				79E4D0341CBF89CF0067F66D /* SwipeViewControllerUITests.xctest */,
			);
			name = Products;
			sourceTree = "<group>";
		};
		79E4D0181CBF89CF0067F66D /* SwipeViewController */ = {
			isa = PBXGroup;
			children = (
				79E4D01C1CBF89CF0067F66D /* AppDelegate.h */,
				79E4D01D1CBF89CF0067F66D /* AppDelegate.m */,
				79E4D01F1CBF89CF0067F66D /* Assets.xcassets */,
				79E4D0211CBF89CF0067F66D /* LaunchScreen.storyboard */,
				79E4D0241CBF89CF0067F66D /* Info.plist */,
				79E4D0191CBF89CF0067F66D /* Supporting Files */,
			);
			path = SwipeViewController;
			sourceTree = "<group>";
		};
		79E4D0191CBF89CF0067F66D /* Supporting Files */ = {
			isa = PBXGroup;
			children = (
				79E4D01A1CBF89CF0067F66D /* main.m */,
			);
			name = "Supporting Files";
			sourceTree = "<group>";
		};
		79E4D02C1CBF89CF0067F66D /* SwipeViewControllerTests */ = {
			isa = PBXGroup;
			children = (
				79E4D02D1CBF89CF0067F66D /* SwipeViewControllerTests.m */,
				79E4D02F1CBF89CF0067F66D /* Info.plist */,
			);
			path = SwipeViewControllerTests;
			sourceTree = "<group>";
		};
		79E4D0371CBF89CF0067F66D /* SwipeViewControllerUITests */ = {
			isa = PBXGroup;
			children = (
				79E4D0381CBF89CF0067F66D /* SwipeViewControllerUITests.m */,
				79E4D03A1CBF89CF0067F66D /* Info.plist */,
			);
			path = SwipeViewControllerUITests;
			sourceTree = "<group>";
		};
/* End PBXGroup section */

/* Begin PBXNativeTarget section */
		79E4D0151CBF89CF0067F66D /* SwipeViewController */ = {
			isa = PBXNativeTarget;
			buildConfigurationList = 79E4D03D1CBF89CF0067F66D /* Build configuration list for PBXNativeTarget "SwipeViewController" */;
			buildPhases = (
				79E4D0121CBF89CF0067F66D /* Sources */,
				79E4D0131CBF89CF0067F66D /* Frameworks */,
				79E4D0141CBF89CF0067F66D /* Resources */,
			);
			buildRules = (
			);
			dependencies = (
			);
			name = SwipeViewController;
			productName = SwipeViewController;
			productReference = 79E4D0161CBF89CF0067F66D /* SwipeViewController.app */;
			productType = "com.apple.product-type.application";
		};
		79E4D0281CBF89CF0067F66D /* SwipeViewControllerTests */ = {
			isa = PBXNativeTarget;
			buildConfigurationList = 79E4D0401CBF89CF0067F66D /* Build configuration list for PBXNativeTarget "SwipeViewControllerTests" */;
			buildPhases = (
				79E4D0251CBF89CF0067F66D /* Sources */,
				79E4D0261CBF89CF0067F66D /* Frameworks */,
				79E4D0271CBF89CF0067F66D /* Resources */,
			);
			buildRules = (
			);
			dependencies = (
				79E4D02B1CBF89CF0067F66D /* PBXTargetDependency */,
			);
			name = SwipeViewControllerTests;
			productName = SwipeViewControllerTests;
			productReference = 79E4D0291CBF89CF0067F66D /* SwipeViewControllerTests.xctest */;
			productType = "com.apple.product-type.bundle.unit-test";
		};
		79E4D0331CBF89CF0067F66D /* SwipeViewControllerUITests */ = {
			isa = PBXNativeTarget;
			buildConfigurationList = 79E4D0431CBF89CF0067F66D /* Build configuration list for PBXNativeTarget "SwipeViewControllerUITests" */;
			buildPhases = (
				79E4D0301CBF89CF0067F66D /* Sources */,
				79E4D0311CBF89CF0067F66D /* Frameworks */,
				79E4D0321CBF89CF0067F66D /* Resources */,
			);
			buildRules = (
			);
			dependencies = (
				79E4D0361CBF89CF0067F66D /* PBXTargetDependency */,
			);
			name = SwipeViewControllerUITests;
			productName = SwipeViewControllerUITests;
			productReference = 79E4D0341CBF89CF0067F66D /* SwipeViewControllerUITests.xctest */;
			productType = "com.apple.product-type.bundle.ui-testing";
		};
/* End PBXNativeTarget section */

/* Begin PBXProject section */
		79E4D00E1CBF89CF0067F66D /* Project object */ = {
			isa = PBXProject;
			attributes = {
				LastUpgradeCheck = 0720;
				ORGANIZATIONNAME = yl;
				TargetAttributes = {
					79E4D0151CBF89CF0067F66D = {
						CreatedOnToolsVersion = 7.2;
					};
					79E4D0281CBF89CF0067F66D = {
						CreatedOnToolsVersion = 7.2;
						TestTargetID = 79E4D0151CBF89CF0067F66D;
					};
					79E4D0331CBF89CF0067F66D = {
						CreatedOnToolsVersion = 7.2;
						TestTargetID = 79E4D0151CBF89CF0067F66D;
					};
				};
			};
			buildConfigurationList = 79E4D0111CBF89CF0067F66D /* Build configuration list for PBXProject "SwipeViewController" */;
			compatibilityVersion = "Xcode 3.2";
			developmentRegion = English;
			hasScannedForEncodings = 0;
			knownRegions = (
				en,
				Base,
			);
			mainGroup = 79E4D00D1CBF89CF0067F66D;
			productRefGroup = 79E4D0171CBF89CF0067F66D /* Products */;
			projectDirPath = "";
			projectRoot = "";
			targets = (
				79E4D0151CBF89CF0067F66D /* SwipeViewController */,
				79E4D0281CBF89CF0067F66D /* SwipeViewControllerTests */,
				79E4D0331CBF89CF0067F66D /* SwipeViewControllerUITests */,
			);
		};
/* End PBXProject section */

/* Begin PBXResourcesBuildPhase section */
		79E4D0141CBF89CF0067F66D /* Resources */ = {
			isa = PBXResourcesBuildPhase;
			buildActionMask = 2147483647;
			files = (
				79E4D0201CBF89CF0067F66D /* Assets.xcassets in Resources */,
				79E4D0231CBF89CF0067F66D /* LaunchScreen.storyboard in Resources */,
			);
			runOnlyForDeploymentPostprocessing = 0;
		};
		79E4D0271CBF89CF0067F66D /* Resources */ = {
			isa = PBXResourcesBuildPhase;
			buildActionMask = 2147483647;
			files = (
			);
			runOnlyForDeploymentPostprocessing = 0;
		};
		79E4D0321CBF89CF0067F66D /* Resources */ = {
			isa = PBXResourcesBuildPhase;
			buildActionMask = 2147483647;
			files = (
			);
			runOnlyForDeploymentPostprocessing = 0;
		};
/* End PBXResourcesBuildPhase section */

/* Begin PBXSourcesBuildPhase section */
		79E4D0121CBF89CF0067F66D /* Sources */ = {
			isa = PBXSourcesBuildPhase;
			buildActionMask = 2147483647;
			files = (
				79E4D01E1CBF89CF0067F66D /* AppDelegate.m in Sources */,
				79E4D01B1CBF89CF0067F66D /* main.m in Sources */,
			);
			runOnlyForDeploymentPostprocessing = 0;
		};
		79E4D0251CBF89CF0067F66D /* Sources */ = {
			isa = PBXSourcesBuildPhase;
			buildActionMask = 2147483647;
			files = (
				79E4D02E1CBF89CF0067F66D /* SwipeViewControllerTests.m in Sources */,
			);
			runOnlyForDeploymentPostprocessing = 0;
		};
		79E4D0301CBF89CF0067F66D /* Sources */ = {
			isa = PBXSourcesBuildPhase;
			buildActionMask = 2147483647;
			files = (
				79E4D0391CBF89CF0067F66D /* SwipeViewControllerUITests.m in Sources */,
			);
			runOnlyForDeploymentPostprocessing = 0;
		};
/* End PBXSourcesBuildPhase section */

/* Begin PBXTargetDependency section */
		79E4D02B1CBF89CF0067F66D /* PBXTargetDependency */ = {
			isa = PBXTargetDependency;
			target = 79E4D0151CBF89CF0067F66D /* SwipeViewController */;
			targetProxy = 79E4D02A1CBF89CF0067F66D /* PBXContainerItemProxy */;
		};
		79E4D0361CBF89CF0067F66D /* PBXTargetDependency */ = {
			isa = PBXTargetDependency;
			target = 79E4D0151CBF89CF0067F66D /* SwipeViewController */;
			targetProxy = 79E4D0351CBF89CF0067F66D /* PBXContainerItemProxy */;
		};
/* End PBXTargetDependency section */

/* Begin PBXVariantGroup section */
		79E4D0211CBF89CF0067F66D /* LaunchScreen.storyboard */ = {
			isa = PBXVariantGroup;
			children = (
				79E4D0221CBF89CF0067F66D /* Base */,
			);
			name = LaunchScreen.storyboard;
			sourceTree = "<group>";
		};
/* End PBXVariantGroup section */

/* Begin XCBuildConfiguration section */
		79E4D03B1CBF89CF0067F66D /* Debug */ = {
			isa = XCBuildConfiguration;
			buildSettings = {
				ALWAYS_SEARCH_USER_PATHS = NO;
				CLANG_CXX_LANGUAGE_STANDARD = "gnu++0x";
				CLANG_CXX_LIBRARY = "libc++";
				CLANG_ENABLE_MODULES = YES;
				CLANG_ENABLE_OBJC_ARC = YES;
				CLANG_WARN_BOOL_CONVERSION = YES;
				CLANG_WARN_CONSTANT_CONVERSION = YES;
				CLANG_WARN_DIRECT_OBJC_ISA_USAGE = YES_ERROR;
				CLANG_WARN_EMPTY_BODY = YES;
				CLANG_WARN_ENUM_CONVERSION = YES;
				CLANG_WARN_INT_CONVERSION = YES;
				CLANG_WARN_OBJC_ROOT_CLASS = YES_ERROR;
				CLANG_WARN_UNREACHABLE_CODE = YES;
				CLANG_WARN__DUPLICATE_METHOD_MATCH = YES;
				"CODE_SIGN_IDENTITY[sdk=iphoneos*]" = "iPhone Developer";
				COPY_PHASE_STRIP = NO;
				DEBUG_INFORMATION_FORMAT = dwarf;
				ENABLE_STRICT_OBJC_MSGSEND = YES;
				ENABLE_TESTABILITY = YES;
				GCC_C_LANGUAGE_STANDARD = gnu99;
				GCC_DYNAMIC_NO_PIC = NO;
				GCC_NO_COMMON_BLOCKS = YES;
				GCC_OPTIMIZATION_LEVEL = 0;
				GCC_PREPROCESSOR_DEFINITIONS = (
					"DEBUG=1",
					"$(inherited)",
				);
				GCC_WARN_64_TO_32_BIT_CONVERSION = YES;
				GCC_WARN_ABOUT_RETURN_TYPE = YES_ERROR;
				GCC_WARN_UNDECLARED_SELECTOR = YES;
				GCC_WARN_UNINITIALIZED_AUTOS = YES_AGGRESSIVE;
				GCC_WARN_UNUSED_FUNCTION = YES;
				GCC_WARN_UNUSED_VARIABLE = YES;
				IPHONEOS_DEPLOYMENT_TARGET = 9.2;
				MTL_ENABLE_DEBUG_INFO = YES;
				ONLY_ACTIVE_ARCH = YES;
				SDKROOT = iphoneos;
				TARGETED_DEVICE_FAMILY = "1,2";
			};
			name = Debug;
		};
		79E4D03C1CBF89CF0067F66D /* Release */ = {
			isa = XCBuildConfiguration;
			buildSettings = {
				ALWAYS_SEARCH_USER_PATHS = NO;
				CLANG_CXX_LANGUAGE_STANDARD = "gnu++0x";
				CLANG_CXX_LIBRARY = "libc++";
				CLANG_ENABLE_MODULES = YES;
				CLANG_ENABLE_OBJC_ARC = YES;
				CLANG_WARN_BOOL_CONVERSION = YES;
				CLANG_WARN_CONSTANT_CONVERSION = YES;
				CLANG_WARN_DIRECT_OBJC_ISA_USAGE = YES_ERROR;
				CLANG_WARN_EMPTY_BODY = YES;
				CLANG_WARN_ENUM_CONVERSION = YES;
				CLANG_WARN_INT_CONVERSION = YES;
				CLANG_WARN_OBJC_ROOT_CLASS = YES_ERROR;
				CLANG_WARN_UNREACHABLE_CODE = YES;
				CLANG_WARN__DUPLICATE_METHOD_MATCH = YES;
				"CODE_SIGN_IDENTITY[sdk=iphoneos*]" = "iPhone Developer";
				COPY_PHASE_STRIP = NO;
				DEBUG_INFORMATION_FORMAT = "dwarf-with-dsym";
				ENABLE_NS_ASSERTIONS = NO;
				ENABLE_STRICT_OBJC_MSGSEND = YES;
				GCC_C_LANGUAGE_STANDARD = gnu99;
				GCC_NO_COMMON_BLOCKS = YES;
				GCC_WARN_64_TO_32_BIT_CONVERSION = YES;
				GCC_WARN_ABOUT_RETURN_TYPE = YES_ERROR;
				GCC_WARN_UNDECLARED_SELECTOR = YES;
				GCC_WARN_UNINITIALIZED_AUTOS = YES_AGGRESSIVE;
				GCC_WARN_UNUSED_FUNCTION = YES;
				GCC_WARN_UNUSED_VARIABLE = YES;
				IPHONEOS_DEPLOYMENT_TARGET = 9.2;
				MTL_ENABLE_DEBUG_INFO = NO;
				SDKROOT = iphoneos;
				TARGETED_DEVICE_FAMILY = "1,2";
				VALIDATE_PRODUCT = YES;
			};
			name = Release;
		};
		79E4D03E1CBF89CF0067F66D /* Debug */ = {
			isa = XCBuildConfiguration;
			buildSettings = {
				ASSETCATALOG_COMPILER_APPICON_NAME = AppIcon;
				INFOPLIST_FILE = SwipeViewController/Info.plist;
				LD_RUNPATH_SEARCH_PATHS = "$(inherited) @executable_path/Frameworks";
				PRODUCT_BUNDLE_IDENTIFIER = com.xiangshi.SwipeViewController;
				PRODUCT_NAME = "$(TARGET_NAME)";
			};
			name = Debug;
		};
		79E4D03F1CBF89CF0067F66D /* Release */ = {
			isa = XCBuildConfiguration;
			buildSettings = {
				ASSETCATALOG_COMPILER_APPICON_NAME = AppIcon;
				INFOPLIST_FILE = SwipeViewController/Info.plist;
				LD_RUNPATH_SEARCH_PATHS = "$(inherited) @executable_path/Frameworks";
				PRODUCT_BUNDLE_IDENTIFIER = com.xiangshi.SwipeViewController;
				PRODUCT_NAME = "$(TARGET_NAME)";
			};
			name = Release;
		};
		79E4D0411CBF89CF0067F66D /* Debug */ = {
			isa = XCBuildConfiguration;
			buildSettings = {
				BUNDLE_LOADER = "$(TEST_HOST)";
				INFOPLIST_FILE = SwipeViewControllerTests/Info.plist;
				LD_RUNPATH_SEARCH_PATHS = "$(inherited) @executable_path/Frameworks @loader_path/Frameworks";
				PRODUCT_BUNDLE_IDENTIFIER = com.xiangshi.SwipeViewControllerTests;
				PRODUCT_NAME = "$(TARGET_NAME)";
				TEST_HOST = "$(BUILT_PRODUCTS_DIR)/SwipeViewController.app/SwipeViewController";
			};
			name = Debug;
		};
		79E4D0421CBF89CF0067F66D /* Release */ = {
			isa = XCBuildConfiguration;
			buildSettings = {
				BUNDLE_LOADER = "$(TEST_HOST)";
				INFOPLIST_FILE = SwipeViewControllerTests/Info.plist;
				LD_RUNPATH_SEARCH_PATHS = "$(inherited) @executable_path/Frameworks @loader_path/Frameworks";
				PRODUCT_BUNDLE_IDENTIFIER = com.xiangshi.SwipeViewControllerTests;
				PRODUCT_NAME = "$(TARGET_NAME)";
				TEST_HOST = "$(BUILT_PRODUCTS_DIR)/SwipeViewController.app/SwipeViewController";
			};
			name = Release;
		};
		79E4D0441CBF89CF0067F66D /* Debug */ = {
			isa = XCBuildConfiguration;
			buildSettings = {
				INFOPLIST_FILE = SwipeViewControllerUITests/Info.plist;
				LD_RUNPATH_SEARCH_PATHS = "$(inherited) @executable_path/Frameworks @loader_path/Frameworks";
				PRODUCT_BUNDLE_IDENTIFIER = com.xiangshi.SwipeViewControllerUITests;
				PRODUCT_NAME = "$(TARGET_NAME)";
				TEST_TARGET_NAME = SwipeViewController;
				USES_XCTRUNNER = YES;
			};
			name = Debug;
		};
		79E4D0451CBF89CF0067F66D /* Release */ = {
			isa = XCBuildConfiguration;
			buildSettings = {
				INFOPLIST_FILE = SwipeViewControllerUITests/Info.plist;
				LD_RUNPATH_SEARCH_PATHS = "$(inherited) @executable_path/Frameworks @loader_path/Frameworks";
				PRODUCT_BUNDLE_IDENTIFIER = com.xiangshi.SwipeViewControllerUITests;
				PRODUCT_NAME = "$(TARGET_NAME)";
				TEST_TARGET_NAME = SwipeViewController;
				USES_XCTRUNNER = YES;
			};
			name = Release;
		};
/* End XCBuildConfiguration section */

/* Begin XCConfigurationList section */
		79E4D0111CBF89CF0067F66D /* Build configuration list for PBXProject "SwipeViewController" */ = {
			isa = XCConfigurationList;
			buildConfigurations = (
				79E4D03B1CBF89CF0067F66D /* Debug */,
				79E4D03C1CBF89CF0067F66D /* Release */,
			);
			defaultConfigurationIsVisible = 0;
			defaultConfigurationName = Release;
		};
		79E4D03D1CBF89CF0067F66D /* Build configuration list for PBXNativeTarget "SwipeViewController" */ = {
			isa = XCConfigurationList;
			buildConfigurations = (
				79E4D03E1CBF89CF0067F66D /* Debug */,
				79E4D03F1CBF89CF0067F66D /* Release */,
			);
			defaultConfigurationIsVisible = 0;
		};
		79E4D0401CBF89CF0067F66D /* Build configuration list for PBXNativeTarget "SwipeViewControllerTests" */ = {
			isa = XCConfigurationList;
			buildConfigurations = (
				79E4D0411CBF89CF0067F66D /* Debug */,
				79E4D0421CBF89CF0067F66D /* Release */,
			);
			defaultConfigurationIsVisible = 0;
		};
		79E4D0431CBF89CF0067F66D /* Build configuration list for PBXNativeTarget "SwipeViewControllerUITests" */ = {
			isa = XCConfigurationList;
			buildConfigurations = (
				79E4D0441CBF89CF0067F66D /* Debug */,
				79E4D0451CBF89CF0067F66D /* Release */,
			);
			defaultConfigurationIsVisible = 0;
		};
/* End XCConfigurationList section */
	};
	rootObject = 79E4D00E1CBF89CF0067F66D /* Project object */;
}
